// !$*UTF8*$!
{
	archiveVersion = 1;
	classes = {
	};
	objectVersion = 51;
	objects = {

/* Begin PBXBuildFile section */
		3B4C1D3323F7C62800B64E90 /* AddThoughtView.swift in Sources */ = {isa = PBXBuildFile; fileRef = 3B4C1D3223F7C62800B64E90 /* AddThoughtView.swift */; };
		3BC4456323F95179002D2E96 /* Constants.swift in Sources */ = {isa = PBXBuildFile; fileRef = 3BC4456223F95179002D2E96 /* Constants.swift */; };
		3BC4456523F95666002D2E96 /* ThoughtTableViewCell.swift in Sources */ = {isa = PBXBuildFile; fileRef = 3BC4456423F95666002D2E96 /* ThoughtTableViewCell.swift */; };
		3BC4456723FBBA4F002D2E96 /* Thought.swift in Sources */ = {isa = PBXBuildFile; fileRef = 3BC4456623FBBA4F002D2E96 /* Thought.swift */; };
		3BD5F1D323F7A6B30039128B /* AppDelegate.swift in Sources */ = {isa = PBXBuildFile; fileRef = 3BD5F1D223F7A6B30039128B /* AppDelegate.swift */; };
		3BD5F1D523F7A6B30039128B /* SceneDelegate.swift in Sources */ = {isa = PBXBuildFile; fileRef = 3BD5F1D423F7A6B30039128B /* SceneDelegate.swift */; };
		3BD5F1D723F7A6B30039128B /* MainViewConroller.swift in Sources */ = {isa = PBXBuildFile; fileRef = 3BD5F1D623F7A6B30039128B /* MainViewConroller.swift */; };
		3BD5F1DA23F7A6B30039128B /* Main.storyboard in Resources */ = {isa = PBXBuildFile; fileRef = 3BD5F1D823F7A6B30039128B /* Main.storyboard */; };
		3BD5F1DC23F7A6B30039128B /* Assets.xcassets in Resources */ = {isa = PBXBuildFile; fileRef = 3BD5F1DB23F7A6B30039128B /* Assets.xcassets */; };
		3BD5F1DF23F7A6B30039128B /* LaunchScreen.storyboard in Resources */ = {isa = PBXBuildFile; fileRef = 3BD5F1DD23F7A6B30039128B /* LaunchScreen.storyboard */; };
		3BD5F1E723F7A7BD0039128B /* GoogleService-Info.plist in Resources */ = {isa = PBXBuildFile; fileRef = 3BD5F1E623F7A7BD0039128B /* GoogleService-Info.plist */; };
		3BD5F1E923F7B32E0039128B /* AddThoughtViewController.swift in Sources */ = {isa = PBXBuildFile; fileRef = 3BD5F1E823F7B32E0039128B /* AddThoughtViewController.swift */; };
		DC6C5E0A50D12FF231A755E4 /* Pods_ToDoList.framework in Frameworks */ = {isa = PBXBuildFile; fileRef = 395E24B92078B49F16BDB098 /* Pods_ToDoList.framework */; };
/* End PBXBuildFile section */

/* Begin PBXFileReference section */
		395E24B92078B49F16BDB098 /* Pods_ToDoList.framework */ = {isa = PBXFileReference; explicitFileType = wrapper.framework; includeInIndex = 0; path = Pods_ToDoList.framework; sourceTree = BUILT_PRODUCTS_DIR; };
		3B4C1D3223F7C62800B64E90 /* AddThoughtView.swift */ = {isa = PBXFileReference; lastKnownFileType = sourcecode.swift; path = AddThoughtView.swift; sourceTree = "<group>"; };
		3BC4456223F95179002D2E96 /* Constants.swift */ = {isa = PBXFileReference; lastKnownFileType = sourcecode.swift; path = Constants.swift; sourceTree = "<group>"; };
		3BC4456423F95666002D2E96 /* ThoughtTableViewCell.swift */ = {isa = PBXFileReference; lastKnownFileType = sourcecode.swift; path = ThoughtTableViewCell.swift; sourceTree = "<group>"; };
		3BC4456623FBBA4F002D2E96 /* Thought.swift */ = {isa = PBXFileReference; lastKnownFileType = sourcecode.swift; path = Thought.swift; sourceTree = "<group>"; };
		3BD5F1CF23F7A6B30039128B /* ToDoList.app */ = {isa = PBXFileReference; explicitFileType = wrapper.application; includeInIndex = 0; path = ToDoList.app; sourceTree = BUILT_PRODUCTS_DIR; };
		3BD5F1D223F7A6B30039128B /* AppDelegate.swift */ = {isa = PBXFileReference; lastKnownFileType = sourcecode.swift; path = AppDelegate.swift; sourceTree = "<group>"; };
		3BD5F1D423F7A6B30039128B /* SceneDelegate.swift */ = {isa = PBXFileReference; lastKnownFileType = sourcecode.swift; path = SceneDelegate.swift; sourceTree = "<group>"; };
		3BD5F1D623F7A6B30039128B /* MainViewConroller.swift */ = {isa = PBXFileReference; lastKnownFileType = sourcecode.swift; path = MainViewConroller.swift; sourceTree = "<group>"; };
		3BD5F1D923F7A6B30039128B /* Base */ = {isa = PBXFileReference; lastKnownFileType = file.storyboard; name = Base; path = Base.lproj/Main.storyboard; sourceTree = "<group>"; };
		3BD5F1DB23F7A6B30039128B /* Assets.xcassets */ = {isa = PBXFileReference; lastKnownFileType = folder.assetcatalog; path = Assets.xcassets; sourceTree = "<group>"; };
		3BD5F1DE23F7A6B30039128B /* Base */ = {isa = PBXFileReference; lastKnownFileType = file.storyboard; name = Base; path = Base.lproj/LaunchScreen.storyboard; sourceTree = "<group>"; };
		3BD5F1E023F7A6B30039128B /* Info.plist */ = {isa = PBXFileReference; lastKnownFileType = text.plist.xml; path = Info.plist; sourceTree = "<group>"; };
		3BD5F1E623F7A7BD0039128B /* GoogleService-Info.plist */ = {isa = PBXFileReference; fileEncoding = 4; lastKnownFileType = text.plist.xml; name = "GoogleService-Info.plist"; path = "../../../Downloads/GoogleService-Info.plist"; sourceTree = "<group>"; };
		3BD5F1E823F7B32E0039128B /* AddThoughtViewController.swift */ = {isa = PBXFileReference; lastKnownFileType = sourcecode.swift; path = AddThoughtViewController.swift; sourceTree = "<group>"; };
		98F8D43EFA29ADB4A3ABAC53 /* Pods-ToDoList.debug.xcconfig */ = {isa = PBXFileReference; includeInIndex = 1; lastKnownFileType = text.xcconfig; name = "Pods-ToDoList.debug.xcconfig"; path = "Target Support Files/Pods-ToDoList/Pods-ToDoList.debug.xcconfig"; sourceTree = "<group>"; };
		CA8BB3A4781F74EFFCAE3007 /* Pods-ToDoList.release.xcconfig */ = {isa = PBXFileReference; includeInIndex = 1; lastKnownFileType = text.xcconfig; name = "Pods-ToDoList.release.xcconfig"; path = "Target Support Files/Pods-ToDoList/Pods-ToDoList.release.xcconfig"; sourceTree = "<group>"; };
/* End PBXFileReference section */

/* Begin PBXFrameworksBuildPhase section */
		3BD5F1CC23F7A6B30039128B /* Frameworks */ = {
			isa = PBXFrameworksBuildPhase;
			buildActionMask = 2147483647;
			files = (
				DC6C5E0A50D12FF231A755E4 /* Pods_ToDoList.framework in Frameworks */,
			);
			runOnlyForDeploymentPostprocessing = 0;
		};
/* End PBXFrameworksBuildPhase section */

/* Begin PBXGroup section */
		3BC4456123F9515E002D2E96 /* Utilities */ = {
			isa = PBXGroup;
			children = (
				3BC4456223F95179002D2E96 /* Constants.swift */,
			);
			path = Utilities;
			sourceTree = "<group>";
		};
		3BD5F1C623F7A6B20039128B = {
			isa = PBXGroup;
			children = (
				3BD5F1D123F7A6B30039128B /* ToDoList */,
				3BD5F1D023F7A6B30039128B /* Products */,
				EFC722B75E7ED14B9CDEB564 /* Pods */,
				FFD6ED714F2E83DC0094FFB9 /* Frameworks */,
			);
			sourceTree = "<group>";
		};
		3BD5F1D023F7A6B30039128B /* Products */ = {
			isa = PBXGroup;
			children = (
				3BD5F1CF23F7A6B30039128B /* ToDoList.app */,
			);
			name = Products;
			sourceTree = "<group>";
		};
		3BD5F1D123F7A6B30039128B /* ToDoList */ = {
			isa = PBXGroup;
			children = (
				3BD5F1EC23F7B3800039128B /* Model */,
				3BD5F1EB23F7B37A0039128B /* View */,
				3BD5F1EA23F7B3700039128B /* Controller */,
				3BD5F1D223F7A6B30039128B /* AppDelegate.swift */,
				3BD5F1D423F7A6B30039128B /* SceneDelegate.swift */,
				3BD5F1D823F7A6B30039128B /* Main.storyboard */,
				3BD5F1DB23F7A6B30039128B /* Assets.xcassets */,
				3BD5F1DD23F7A6B30039128B /* LaunchScreen.storyboard */,
				3BD5F1E023F7A6B30039128B /* Info.plist */,
				3BD5F1E623F7A7BD0039128B /* GoogleService-Info.plist */,
				3BC4456123F9515E002D2E96 /* Utilities */,
			);
			path = ToDoList;
			sourceTree = "<group>";
		};
		3BD5F1EA23F7B3700039128B /* Controller */ = {
			isa = PBXGroup;
			children = (
				3BD5F1D623F7A6B30039128B /* MainViewConroller.swift */,
				3BD5F1E823F7B32E0039128B /* AddThoughtViewController.swift */,
			);
			path = Controller;
			sourceTree = "<group>";
		};
		3BD5F1EB23F7B37A0039128B /* View */ = {
			isa = PBXGroup;
			children = (
				3B4C1D3223F7C62800B64E90 /* AddThoughtView.swift */,
				3BC4456423F95666002D2E96 /* ThoughtTableViewCell.swift */,
			);
			path = View;
			sourceTree = "<group>";
		};
		3BD5F1EC23F7B3800039128B /* Model */ = {
			isa = PBXGroup;
			children = (
				3BC4456623FBBA4F002D2E96 /* Thought.swift */,
			);
			path = Model;
			sourceTree = "<group>";
		};
		EFC722B75E7ED14B9CDEB564 /* Pods */ = {
			isa = PBXGroup;
			children = (
				98F8D43EFA29ADB4A3ABAC53 /* Pods-ToDoList.debug.xcconfig */,
				CA8BB3A4781F74EFFCAE3007 /* Pods-ToDoList.release.xcconfig */,
			);
			path = Pods;
			sourceTree = "<group>";
		};
		FFD6ED714F2E83DC0094FFB9 /* Frameworks */ = {
			isa = PBXGroup;
			children = (
				395E24B92078B49F16BDB098 /* Pods_ToDoList.framework */,
			);
			name = Frameworks;
			sourceTree = "<group>";
		};
/* End PBXGroup section */

/* Begin PBXNativeTarget section */
		3BD5F1CE23F7A6B30039128B /* ToDoList */ = {
			isa = PBXNativeTarget;
			buildConfigurationList = 3BD5F1E323F7A6B30039128B /* Build configuration list for PBXNativeTarget "ToDoList" */;
			buildPhases = (
				DB4039B0D30C776936164580 /* [CP] Check Pods Manifest.lock */,
				3BD5F1CB23F7A6B30039128B /* Sources */,
				3BD5F1CC23F7A6B30039128B /* Frameworks */,
				3BD5F1CD23F7A6B30039128B /* Resources */,
				615510361415C97179CCA50D /* [CP] Embed Pods Frameworks */,
			);
			buildRules = (
			);
			dependencies = (
			);
			name = ToDoList;
			productName = ToDoList;
			productReference = 3BD5F1CF23F7A6B30039128B /* ToDoList.app */;
			productType = "com.apple.product-type.application";
		};
/* End PBXNativeTarget section */

/* Begin PBXProject section */
		3BD5F1C723F7A6B20039128B /* Project object */ = {
			isa = PBXProject;
			attributes = {
				LastSwiftUpdateCheck = 1130;
				LastUpgradeCheck = 1130;
				ORGANIZATIONNAME = Juansyah;
				TargetAttributes = {
					3BD5F1CE23F7A6B30039128B = {
						CreatedOnToolsVersion = 11.3.1;
					};
				};
			};
			buildConfigurationList = 3BD5F1CA23F7A6B20039128B /* Build configuration list for PBXProject "ToDoList" */;
			compatibilityVersion = "Xcode 9.3";
			developmentRegion = en;
			hasScannedForEncodings = 0;
			knownRegions = (
				en,
				Base,
			);
			mainGroup = 3BD5F1C623F7A6B20039128B;
			productRefGroup = 3BD5F1D023F7A6B30039128B /* Products */;
			projectDirPath = "";
			projectRoot = "";
			targets = (
				3BD5F1CE23F7A6B30039128B /* ToDoList */,
			);
		};
/* End PBXProject section */

/* Begin PBXResourcesBuildPhase section */
		3BD5F1CD23F7A6B30039128B /* Resources */ = {
			isa = PBXResourcesBuildPhase;
			buildActionMask = 2147483647;
			files = (
				3BD5F1DF23F7A6B30039128B /* LaunchScreen.storyboard in Resources */,
				3BD5F1DC23F7A6B30039128B /* Assets.xcassets in Resources */,
				3BD5F1E723F7A7BD0039128B /* GoogleService-Info.plist in Resources */,
				3BD5F1DA23F7A6B30039128B /* Main.storyboard in Resources */,
			);
			runOnlyForDeploymentPostprocessing = 0;
		};
/* End PBXResourcesBuildPhase section */

/* Begin PBXShellScriptBuildPhase section */
		615510361415C97179CCA50D /* [CP] Embed Pods Frameworks */ = {
			isa = PBXShellScriptBuildPhase;
			buildActionMask = 2147483647;
			files = (
			);
			inputFileListPaths = (
				"${PODS_ROOT}/Target Support Files/Pods-ToDoList/Pods-ToDoList-frameworks-${CONFIGURATION}-input-files.xcfilelist",
			);
			name = "[CP] Embed Pods Frameworks";
			outputFileListPaths = (
				"${PODS_ROOT}/Target Support Files/Pods-ToDoList/Pods-ToDoList-frameworks-${CONFIGURATION}-output-files.xcfilelist",
			);
			runOnlyForDeploymentPostprocessing = 0;
			shellPath = /bin/sh;
			shellScript = "\"${PODS_ROOT}/Target Support Files/Pods-ToDoList/Pods-ToDoList-frameworks.sh\"\n";
			showEnvVarsInLog = 0;
		};
		DB4039B0D30C776936164580 /* [CP] Check Pods Manifest.lock */ = {
			isa = PBXShellScriptBuildPhase;
			buildActionMask = 2147483647;
			files = (
			);
			inputFileListPaths = (
			);
			inputPaths = (
				"${PODS_PODFILE_DIR_PATH}/Podfile.lock",
				"${PODS_ROOT}/Manifest.lock",
			);
			name = "[CP] Check Pods Manifest.lock";
			outputFileListPaths = (
			);
			outputPaths = (
				"$(DERIVED_FILE_DIR)/Pods-ToDoList-checkManifestLockResult.txt",
			);
			runOnlyForDeploymentPostprocessing = 0;
			shellPath = /bin/sh;
			shellScript = "diff \"${PODS_PODFILE_DIR_PATH}/Podfile.lock\" \"${PODS_ROOT}/Manifest.lock\" > /dev/null\nif [ $? != 0 ] ; then\n    # print error to STDERR\n    echo \"error: The sandbox is not in sync with the Podfile.lock. Run 'pod install' or update your CocoaPods installation.\" >&2\n    exit 1\nfi\n# This output is used by Xcode 'outputs' to avoid re-running this script phase.\necho \"SUCCESS\" > \"${SCRIPT_OUTPUT_FILE_0}\"\n";
			showEnvVarsInLog = 0;
		};
/* End PBXShellScriptBuildPhase section */

/* Begin PBXSourcesBuildPhase section */
		3BD5F1CB23F7A6B30039128B /* Sources */ = {
			isa = PBXSourcesBuildPhase;
			buildActionMask = 2147483647;
			files = (
				3BC4456523F95666002D2E96 /* ThoughtTableViewCell.swift in Sources */,
				3BD5F1D723F7A6B30039128B /* MainViewConroller.swift in Sources */,
				3BD5F1D323F7A6B30039128B /* AppDelegate.swift in Sources */,
				3BC4456723FBBA4F002D2E96 /* Thought.swift in Sources */,
				3BD5F1E923F7B32E0039128B /* AddThoughtViewController.swift in Sources */,
				3B4C1D3323F7C62800B64E90 /* AddThoughtView.swift in Sources */,
				3BD5F1D523F7A6B30039128B /* SceneDelegate.swift in Sources */,
				3BC4456323F95179002D2E96 /* Constants.swift in Sources */,
			);
			runOnlyForDeploymentPostprocessing = 0;
		};
/* End PBXSourcesBuildPhase section */

/* Begin PBXVariantGroup section */
		3BD5F1D823F7A6B30039128B /* Main.storyboard */ = {
			isa = PBXVariantGroup;
			children = (
				3BD5F1D923F7A6B30039128B /* Base */,
			);
			name = Main.storyboard;
			sourceTree = "<group>";
		};
		3BD5F1DD23F7A6B30039128B /* LaunchScreen.storyboard */ = {
			isa = PBXVariantGroup;
			children = (
				3BD5F1DE23F7A6B30039128B /* Base */,
			);
			name = LaunchScreen.storyboard;
			sourceTree = "<group>";
		};
/* End PBXVariantGroup section */

/* Begin XCBuildConfiguration section */
		3BD5F1E123F7A6B30039128B /* Debug */ = {
			isa = XCBuildConfiguration;
			buildSettings = {
				ALWAYS_SEARCH_USER_PATHS = NO;
				CLANG_ANALYZER_NONNULL = YES;
				CLANG_ANALYZER_NUMBER_OBJECT_CONVERSION = YES_AGGRESSIVE;
				CLANG_CXX_LANGUAGE_STANDARD = "gnu++14";
				CLANG_CXX_LIBRARY = "libc++";
				CLANG_ENABLE_MODULES = YES;
				CLANG_ENABLE_OBJC_ARC = YES;
				CLANG_ENABLE_OBJC_WEAK = YES;
				CLANG_WARN_BLOCK_CAPTURE_AUTORELEASING = YES;
				CLANG_WARN_BOOL_CONVERSION = YES;
				CLANG_WARN_COMMA = YES;
				CLANG_WARN_CONSTANT_CONVERSION = YES;
				CLANG_WARN_DEPRECATED_OBJC_IMPLEMENTATIONS = YES;
				CLANG_WARN_DIRECT_OBJC_ISA_USAGE = YES_ERROR;
				CLANG_WARN_DOCUMENTATION_COMMENTS = YES;
				CLANG_WARN_EMPTY_BODY = YES;
				CLANG_WARN_ENUM_CONVERSION = YES;
				CLANG_WARN_INFINITE_RECURSION = YES;
				CLANG_WARN_INT_CONVERSION = YES;
				CLANG_WARN_NON_LITERAL_NULL_CONVERSION = YES;
				CLANG_WARN_OBJC_IMPLICIT_RETAIN_SELF = YES;
				CLANG_WARN_OBJC_LITERAL_CONVERSION = YES;
				CLANG_WARN_OBJC_ROOT_CLASS = YES_ERROR;
				CLANG_WARN_RANGE_LOOP_ANALYSIS = YES;
				CLANG_WARN_STRICT_PROTOTYPES = YES;
				CLANG_WARN_SUSPICIOUS_MOVE = YES;
				CLANG_WARN_UNGUARDED_AVAILABILITY = YES_AGGRESSIVE;
				CLANG_WARN_UNREACHABLE_CODE = YES;
				CLANG_WARN__DUPLICATE_METHOD_MATCH = YES;
				COPY_PHASE_STRIP = NO;
				DEBUG_INFORMATION_FORMAT = dwarf;
				ENABLE_STRICT_OBJC_MSGSEND = YES;
				ENABLE_TESTABILITY = YES;
				GCC_C_LANGUAGE_STANDARD = gnu11;
				GCC_DYNAMIC_NO_PIC = NO;
				GCC_NO_COMMON_BLOCKS = YES;
				GCC_OPTIMIZATION_LEVEL = 0;
				GCC_PREPROCESSOR_DEFINITIONS = (
					"DEBUG=1",
					"$(inherited)",
				);
				GCC_WARN_64_TO_32_BIT_CONVERSION = YES;
				GCC_WARN_ABOUT_RETURN_TYPE = YES_ERROR;
				GCC_WARN_UNDECLARED_SELECTOR = YES;
				GCC_WARN_UNINITIALIZED_AUTOS = YES_AGGRESSIVE;
				GCC_WARN_UNUSED_FUNCTION = YES;
				GCC_WARN_UNUSED_VARIABLE = YES;
				IPHONEOS_DEPLOYMENT_TARGET = 13.2;
				MTL_ENABLE_DEBUG_INFO = INCLUDE_SOURCE;
				MTL_FAST_MATH = YES;
				ONLY_ACTIVE_ARCH = YES;
				SDKROOT = iphoneos;
				SWIFT_ACTIVE_COMPILATION_CONDITIONS = DEBUG;
				SWIFT_OPTIMIZATION_LEVEL = "-Onone";
			};
			name = Debug;
		};
		3BD5F1E223F7A6B30039128B /* Release */ = {
			isa = XCBuildConfiguration;
			buildSettings = {
				ALWAYS_SEARCH_USER_PATHS = NO;
				CLANG_ANALYZER_NONNULL = YES;
				CLANG_ANALYZER_NUMBER_OBJECT_CONVERSION = YES_AGGRESSIVE;
				CLANG_CXX_LANGUAGE_STANDARD = "gnu++14";
				CLANG_CXX_LIBRARY = "libc++";
				CLANG_ENABLE_MODULES = YES;
				CLANG_ENABLE_OBJC_ARC = YES;
				CLANG_ENABLE_OBJC_WEAK = YES;
				CLANG_WARN_BLOCK_CAPTURE_AUTORELEASING = YES;
				CLANG_WARN_BOOL_CONVERSION = YES;
				CLANG_WARN_COMMA = YES;
				CLANG_WARN_CONSTANT_CONVERSION = YES;
				CLANG_WARN_DEPRECATED_OBJC_IMPLEMENTATIONS = YES;
				CLANG_WARN_DIRECT_OBJC_ISA_USAGE = YES_ERROR;
				CLANG_WARN_DOCUMENTATION_COMMENTS = YES;
				CLANG_WARN_EMPTY_BODY = YES;
				CLANG_WARN_ENUM_CONVERSION = YES;
				CLANG_WARN_INFINITE_RECURSION = YES;
				CLANG_WARN_INT_CONVERSION = YES;
				CLANG_WARN_NON_LITERAL_NULL_CONVERSION = YES;
				CLANG_WARN_OBJC_IMPLICIT_RETAIN_SELF = YES;
				CLANG_WARN_OBJC_LITERAL_CONVERSION = YES;
				CLANG_WARN_OBJC_ROOT_CLASS = YES_ERROR;
				CLANG_WARN_RANGE_LOOP_ANALYSIS = YES;
				CLANG_WARN_STRICT_PROTOTYPES = YES;
				CLANG_WARN_SUSPICIOUS_MOVE = YES;
				CLANG_WARN_UNGUARDED_AVAILABILITY = YES_AGGRESSIVE;
				CLANG_WARN_UNREACHABLE_CODE = YES;
				CLANG_WARN__DUPLICATE_METHOD_MATCH = YES;
				COPY_PHASE_STRIP = NO;
				DEBUG_INFORMATION_FORMAT = "dwarf-with-dsym";
				ENABLE_NS_ASSERTIONS = NO;
				ENABLE_STRICT_OBJC_MSGSEND = YES;
				GCC_C_LANGUAGE_STANDARD = gnu11;
				GCC_NO_COMMON_BLOCKS = YES;
				GCC_WARN_64_TO_32_BIT_CONVERSION = YES;
				GCC_WARN_ABOUT_RETURN_TYPE = YES_ERROR;
				GCC_WARN_UNDECLARED_SELECTOR = YES;
				GCC_WARN_UNINITIALIZED_AUTOS = YES_AGGRESSIVE;
				GCC_WARN_UNUSED_FUNCTION = YES;
				GCC_WARN_UNUSED_VARIABLE = YES;
				IPHONEOS_DEPLOYMENT_TARGET = 13.2;
				MTL_ENABLE_DEBUG_INFO = NO;
				MTL_FAST_MATH = YES;
				SDKROOT = iphoneos;
				SWIFT_COMPILATION_MODE = wholemodule;
				SWIFT_OPTIMIZATION_LEVEL = "-O";
				VALIDATE_PRODUCT = YES;
			};
			name = Release;
		};
		3BD5F1E423F7A6B30039128B /* Debug */ = {
			isa = XCBuildConfiguration;
			baseConfigurationReference = 98F8D43EFA29ADB4A3ABAC53 /* Pods-ToDoList.debug.xcconfig */;
			buildSettings = {
				ASSETCATALOG_COMPILER_APPICON_NAME = AppIcon;
				CODE_SIGN_STYLE = Automatic;
				DEVELOPMENT_TEAM = 8QT8GPQG67;
				INFOPLIST_FILE = ToDoList/Info.plist;
				LD_RUNPATH_SEARCH_PATHS = (
					"$(inherited)",
					"@executable_path/Frameworks",
				);
				PRODUCT_BUNDLE_IDENTIFIER = "com.letsdosomecode.simple-todolist";
				PRODUCT_NAME = "$(TARGET_NAME)";
				SWIFT_VERSION = 5.0;
				TARGETED_DEVICE_FAMILY = "1,2";
			};
			name = Debug;
		};
		3BD5F1E523F7A6B30039128B /* Release */ = {
			isa = XCBuildConfiguration;
			baseConfigurationReference = CA8BB3A4781F74EFFCAE3007 /* Pods-ToDoList.release.xcconfig */;
			buildSettings = {
				ASSETCATALOG_COMPILER_APPICON_NAME = AppIcon;
				CODE_SIGN_STYLE = Automatic;
				DEVELOPMENT_TEAM = 8QT8GPQG67;
				INFOPLIST_FILE = ToDoList/Info.plist;
				LD_RUNPATH_SEARCH_PATHS = (
					"$(inherited)",
					"@executable_path/Frameworks",
				);
				PRODUCT_BUNDLE_IDENTIFIER = "com.letsdosomecode.simple-todolist";
				PRODUCT_NAME = "$(TARGET_NAME)";
				SWIFT_VERSION = 5.0;
				TARGETED_DEVICE_FAMILY = "1,2";
			};
			name = Release;
		};
/* End XCBuildConfiguration section */

/* Begin XCConfigurationList section */
		3BD5F1CA23F7A6B20039128B /* Build configuration list for PBXProject "ToDoList" */ = {
			isa = XCConfigurationList;
			buildConfigurations = (
				3BD5F1E123F7A6B30039128B /* Debug */,
				3BD5F1E223F7A6B30039128B /* Release */,
			);
			defaultConfigurationIsVisible = 0;
			defaultConfigurationName = Release;
		};
		3BD5F1E323F7A6B30039128B /* Build configuration list for PBXNativeTarget "ToDoList" */ = {
			isa = XCConfigurationList;
			buildConfigurations = (
				3BD5F1E423F7A6B30039128B /* Debug */,
				3BD5F1E523F7A6B30039128B /* Release */,
			);
			defaultConfigurationIsVisible = 0;
			defaultConfigurationName = Release;
		};
/* End XCConfigurationList section */
	};
	rootObject = 3BD5F1C723F7A6B20039128B /* Project object */;
}
